
Microsoft Visual Studio Solution File, Format Version 12.00
# Visual Studio Version 17
VisualStudioVersion = 17.0.31903.59
MinimumVisualStudioVersion = 10.0.40219.1
Project("{9A19103F-16F7-4668-BE54-9A1E7A4F7556}") = "Tyuiu.TishkinaEA.Sprint4.Task0.V24.Lib", "Tyuiu.TishkinaEA.Sprint4.Task0.V24.Lib\Tyuiu.TishkinaEA.Sprint4.Task0.V24.Lib.csproj", "{BBDB4A68-3D24-4DCA-841F-97A1FA3E88D8}"
EndProject
Project("{9A19103F-16F7-4668-BE54-9A1E7A4F7556}") = "Tyuiu.TishkinaEA.Sprint4.Task0.V24", "Tyuiu.TishkinaEA.Sprint4.Task0.V24\Tyuiu.TishkinaEA.Sprint4.Task0.V24.csproj", "{E7190EC9-D225-421A-86E9-54D6112281DF}"
EndProject
Project("{9A19103F-16F7-4668-BE54-9A1E7A4F7556}") = "Tyuiu.TishkinaEA.Sprint4.Task0.V24.Test", "Tyuiu.TishkinaEA.Sprint4.Task0.V24.Test\Tyuiu.TishkinaEA.Sprint4.Task0.V24.Test.csproj", "{5C89CBE8-2A9C-4BC5-95A4-7F3104D95512}"
EndProject
Project("{2150E333-8FDC-42A3-9474-1A3956D46DE8}") = "Task0", "Task0", "{F3C07527-EAE6-4E11-BC73-F4443A6D21D8}"
EndProject
Project("{9A19103F-16F7-4668-BE54-9A1E7A4F7556}") = "Tyuiu.TishkinaEA.Sprint4.Task1.V4.Lib", "Tyuiu.TishkinaEA.Sprint4.Task1.V4.Lib\Tyuiu.TishkinaEA.Sprint4.Task1.V4.Lib.csproj", "{9D376659-7A5C-46FC-B7C8-97F9CC29892F}"
EndProject
Project("{9A19103F-16F7-4668-BE54-9A1E7A4F7556}") = "Tyuiu.TishkinaEA.Sprint4.Task1.V4", "Tyuiu.TishkinaEA.Sprint4.Task1.V4\Tyuiu.TishkinaEA.Sprint4.Task1.V4.csproj", "{B31B9771-85E8-47B0-8772-BA5FA8C0D250}"
EndProject
Project("{9A19103F-16F7-4668-BE54-9A1E7A4F7556}") = "Tyuiu.TishkinaEA.Sprint4.Task1.V4.Test", "Tyuiu.TishkinaEA.Sprint4.Task1.V4.Test\Tyuiu.TishkinaEA.Sprint4.Task1.V4.Test.csproj", "{C016571D-054C-43DE-827C-7205719C0F48}"
EndProject
Project("{2150E333-8FDC-42A3-9474-1A3956D46DE8}") = "Task1", "Task1", "{B6ADEA6F-6F64-47CF-A313-0042C30996EF}"
EndProject
Project("{9A19103F-16F7-4668-BE54-9A1E7A4F7556}") = "Tyuiu.TishkinaEA.Sprint4.Task2.V11.Lib", "Tyuiu.TishkinaEA.Sprint4.Task2.V11.Lib\Tyuiu.TishkinaEA.Sprint4.Task2.V11.Lib.csproj", "{769E3DEC-87E8-40E9-B925-E976F726A409}"
EndProject
Project("{9A19103F-16F7-4668-BE54-9A1E7A4F7556}") = "Tyuiu.TishkinaEA.Sprint4.Task2.V11", "Tyuiu.TishkinaEA.Sprint4.Task2.V11\Tyuiu.TishkinaEA.Sprint4.Task2.V11.csproj", "{9375D7E0-248E-475C-AC58-D85EA529F188}"
EndProject
Project("{9A19103F-16F7-4668-BE54-9A1E7A4F7556}") = "Tyuiu.TishkinaEA.Sprint4.Task2.V11.Test", "Tyuiu.TishkinaEA.Sprint4.Task2.V11.Test\Tyuiu.TishkinaEA.Sprint4.Task2.V11.Test.csproj", "{AEF2A46D-8EBF-41A3-A2C7-388529C071BD}"
EndProject
Project("{2150E333-8FDC-42A3-9474-1A3956D46DE8}") = "Task2", "Task2", "{02846F84-D774-49DA-A8E3-1C5F1AF734E7}"
EndProject
Global
	GlobalSection(SolutionConfigurationPlatforms) = preSolution
		Debug|Any CPU = Debug|Any CPU
		Release|Any CPU = Release|Any CPU
	EndGlobalSection
	GlobalSection(ProjectConfigurationPlatforms) = postSolution
		{BBDB4A68-3D24-4DCA-841F-97A1FA3E88D8}.Debug|Any CPU.ActiveCfg = Debug|Any CPU
		{BBDB4A68-3D24-4DCA-841F-97A1FA3E88D8}.Debug|Any CPU.Build.0 = Debug|Any CPU
		{BBDB4A68-3D24-4DCA-841F-97A1FA3E88D8}.Release|Any CPU.ActiveCfg = Release|Any CPU
		{BBDB4A68-3D24-4DCA-841F-97A1FA3E88D8}.Release|Any CPU.Build.0 = Release|Any CPU
		{E7190EC9-D225-421A-86E9-54D6112281DF}.Debug|Any CPU.ActiveCfg = Debug|Any CPU
		{E7190EC9-D225-421A-86E9-54D6112281DF}.Debug|Any CPU.Build.0 = Debug|Any CPU
		{E7190EC9-D225-421A-86E9-54D6112281DF}.Release|Any CPU.ActiveCfg = Release|Any CPU
		{E7190EC9-D225-421A-86E9-54D6112281DF}.Release|Any CPU.Build.0 = Release|Any CPU
		{5C89CBE8-2A9C-4BC5-95A4-7F3104D95512}.Debug|Any CPU.ActiveCfg = Debug|Any CPU
		{5C89CBE8-2A9C-4BC5-95A4-7F3104D95512}.Debug|Any CPU.Build.0 = Debug|Any CPU
		{5C89CBE8-2A9C-4BC5-95A4-7F3104D95512}.Release|Any CPU.ActiveCfg = Release|Any CPU
		{5C89CBE8-2A9C-4BC5-95A4-7F3104D95512}.Release|Any CPU.Build.0 = Release|Any CPU
		{9D376659-7A5C-46FC-B7C8-97F9CC29892F}.Debug|Any CPU.ActiveCfg = Debug|Any CPU
		{9D376659-7A5C-46FC-B7C8-97F9CC29892F}.Debug|Any CPU.Build.0 = Debug|Any CPU
		{9D376659-7A5C-46FC-B7C8-97F9CC29892F}.Release|Any CPU.ActiveCfg = Release|Any CPU
		{9D376659-7A5C-46FC-B7C8-97F9CC29892F}.Release|Any CPU.Build.0 = Release|Any CPU
		{B31B9771-85E8-47B0-8772-BA5FA8C0D250}.Debug|Any CPU.ActiveCfg = Debug|Any CPU
		{B31B9771-85E8-47B0-8772-BA5FA8C0D250}.Debug|Any CPU.Build.0 = Debug|Any CPU
		{B31B9771-85E8-47B0-8772-BA5FA8C0D250}.Release|Any CPU.ActiveCfg = Release|Any CPU
		{B31B9771-85E8-47B0-8772-BA5FA8C0D250}.Release|Any CPU.Build.0 = Release|Any CPU
		{C016571D-054C-43DE-827C-7205719C0F48}.Debug|Any CPU.ActiveCfg = Debug|Any CPU
		{C016571D-054C-43DE-827C-7205719C0F48}.Debug|Any CPU.Build.0 = Debug|Any CPU
		{C016571D-054C-43DE-827C-7205719C0F48}.Release|Any CPU.ActiveCfg = Release|Any CPU
		{C016571D-054C-43DE-827C-7205719C0F48}.Release|Any CPU.Build.0 = Release|Any CPU
		{769E3DEC-87E8-40E9-B925-E976F726A409}.Debug|Any CPU.ActiveCfg = Debug|Any CPU
		{769E3DEC-87E8-40E9-B925-E976F726A409}.Debug|Any CPU.Build.0 = Debug|Any CPU
		{769E3DEC-87E8-40E9-B925-E976F726A409}.Release|Any CPU.ActiveCfg = Release|Any CPU
		{769E3DEC-87E8-40E9-B925-E976F726A409}.Release|Any CPU.Build.0 = Release|Any CPU
		{9375D7E0-248E-475C-AC58-D85EA529F188}.Debug|Any CPU.ActiveCfg = Debug|Any CPU
		{9375D7E0-248E-475C-AC58-D85EA529F188}.Debug|Any CPU.Build.0 = Debug|Any CPU
		{9375D7E0-248E-475C-AC58-D85EA529F188}.Release|Any CPU.ActiveCfg = Release|Any CPU
		{9375D7E0-248E-475C-AC58-D85EA529F188}.Release|Any CPU.Build.0 = Release|Any CPU
		{AEF2A46D-8EBF-41A3-A2C7-388529C071BD}.Debug|Any CPU.ActiveCfg = Debug|Any CPU
		{AEF2A46D-8EBF-41A3-A2C7-388529C071BD}.Debug|Any CPU.Build.0 = Debug|Any CPU
		{AEF2A46D-8EBF-41A3-A2C7-388529C071BD}.Release|Any CPU.ActiveCfg = Release|Any CPU
		{AEF2A46D-8EBF-41A3-A2C7-388529C071BD}.Release|Any CPU.Build.0 = Release|Any CPU
	EndGlobalSection
	GlobalSection(SolutionProperties) = preSolution
		HideSolutionNode = FALSE
	EndGlobalSection
	GlobalSection(NestedProjects) = preSolution
		{BBDB4A68-3D24-4DCA-841F-97A1FA3E88D8} = {F3C07527-EAE6-4E11-BC73-F4443A6D21D8}
		{E7190EC9-D225-421A-86E9-54D6112281DF} = {F3C07527-EAE6-4E11-BC73-F4443A6D21D8}
		{5C89CBE8-2A9C-4BC5-95A4-7F3104D95512} = {F3C07527-EAE6-4E11-BC73-F4443A6D21D8}
		{9D376659-7A5C-46FC-B7C8-97F9CC29892F} = {B6ADEA6F-6F64-47CF-A313-0042C30996EF}
		{B31B9771-85E8-47B0-8772-BA5FA8C0D250} = {B6ADEA6F-6F64-47CF-A313-0042C30996EF}
		{C016571D-054C-43DE-827C-7205719C0F48} = {B6ADEA6F-6F64-47CF-A313-0042C30996EF}
		{769E3DEC-87E8-40E9-B925-E976F726A409} = {02846F84-D774-49DA-A8E3-1C5F1AF734E7}
		{9375D7E0-248E-475C-AC58-D85EA529F188} = {02846F84-D774-49DA-A8E3-1C5F1AF734E7}
		{AEF2A46D-8EBF-41A3-A2C7-388529C071BD} = {02846F84-D774-49DA-A8E3-1C5F1AF734E7}
	EndGlobalSection
	GlobalSection(ExtensibilityGlobals) = postSolution
		SolutionGuid = {337D6998-3E7C-48FA-90FD-974E5B4F9896}
	EndGlobalSection
EndGlobal
